
Microsoft Visual Studio Solution File, Format Version 12.00
# Visual Studio Version 17
VisualStudioVersion = 17.0.32014.148
MinimumVisualStudioVersion = 10.0.40219.1
Project("{8BC9CEB8-8B4A-11D0-8D11-00A0C91BC942}") = "ConsoleApplication1", "ConsoleApplication1\ConsoleApplication1.vcxproj", "{A622B16C-C4D9-415F-96C4-374AB7AE8D68}"
EndProject
Global
	GlobalSection(SolutionConfigurationPlatforms) = preSolution
		Debug|x64 = Debug|x64
		Debug|x86 = Debug|x86
		Release|x64 = Release|x64
		Release|x86 = Release|x86
	EndGlobalSection
	GlobalSection(ProjectConfigurationPlatforms) = postSolution
		{A622B16C-C4D9-415F-96C4-374AB7AE8D68}.Debug|x64.ActiveCfg = Debug|x64
		{A622B16C-C4D9-415F-96C4-374AB7AE8D68}.Debug|x64.Build.0 = Debug|x64
		{A622B16C-C4D9-415F-96C4-374AB7AE8D68}.Debug|x86.ActiveCfg = Debug|Win32
		{A622B16C-C4D9-415F-96C4-374AB7AE8D68}.Debug|x86.Build.0 = Debug|Win32
		{A622B16C-C4D9-415F-96C4-374AB7AE8D68}.Release|x64.ActiveCfg = Release|x64
		{A622B16C-C4D9-415F-96C4-374AB7AE8D68}.Release|x64.Build.0 = Release|x64
		{A622B16C-C4D9-415F-96C4-374AB7AE8D68}.Release|x86.ActiveCfg = Release|Win32
		{A622B16C-C4D9-415F-96C4-374AB7AE8D68}.Release|x86.Build.0 = Release|Win32
	EndGlobalSection
	GlobalSection(SolutionProperties) = preSolution
		HideSolutionNode = FALSE
	EndGlobalSection
	GlobalSection(ExtensibilityGlobals) = postSolution
		SolutionGuid = {64933047-1DDB-4AE8-86BE-70446D66B59B}
	EndGlobalSection
EndGlobal
